
Microsoft Visual Studio Solution File, Format Version 12.00
# Visual Studio 15
VisualStudioVersion = 15.0.27428.1
MinimumVisualStudioVersion = 10.0.40219.1
Project("{8BC9CEB8-8B4A-11D0-8D11-00A0C91BC942}") = "3. maze_stack", "3. maze_stack.vcxproj", "{13308576-26B9-4D4E-BA0B-CB6B1254ED43}"
EndProject
Project("{8BC9CEB8-8B4A-11D0-8D11-00A0C91BC942}") = "4. queue_linked_list", "..\4. queue_linked_list\4. queue_linked_list.vcxproj", "{C6E4C677-FA58-49DD-8AEF-E20DD11AC90B}"
EndProject
Project("{8BC9CEB8-8B4A-11D0-8D11-00A0C91BC942}") = "5. queue_array", "..\5. queue_array\5. queue_array.vcxproj", "{3057ED2F-5B06-4E04-961C-01CFEFF9B8B1}"
EndProject
Project("{8BC9CEB8-8B4A-11D0-8D11-00A0C91BC942}") = "6. maze_queue", "..\6. maze_queue\6. maze_queue.vcxproj", "{6C40516E-B098-49B3-A8A2-452893E6EB17}"
EndProject
Global
	GlobalSection(SolutionConfigurationPlatforms) = preSolution
		Debug|x64 = Debug|x64
		Debug|x86 = Debug|x86
		Release|x64 = Release|x64
		Release|x86 = Release|x86
	EndGlobalSection
	GlobalSection(ProjectConfigurationPlatforms) = postSolution
		{13308576-26B9-4D4E-BA0B-CB6B1254ED43}.Debug|x64.ActiveCfg = Debug|x64
		{13308576-26B9-4D4E-BA0B-CB6B1254ED43}.Debug|x64.Build.0 = Debug|x64
		{13308576-26B9-4D4E-BA0B-CB6B1254ED43}.Debug|x86.ActiveCfg = Debug|Win32
		{13308576-26B9-4D4E-BA0B-CB6B1254ED43}.Debug|x86.Build.0 = Debug|Win32
		{13308576-26B9-4D4E-BA0B-CB6B1254ED43}.Release|x64.ActiveCfg = Release|x64
		{13308576-26B9-4D4E-BA0B-CB6B1254ED43}.Release|x64.Build.0 = Release|x64
		{13308576-26B9-4D4E-BA0B-CB6B1254ED43}.Release|x86.ActiveCfg = Release|Win32
		{13308576-26B9-4D4E-BA0B-CB6B1254ED43}.Release|x86.Build.0 = Release|Win32
		{C6E4C677-FA58-49DD-8AEF-E20DD11AC90B}.Debug|x64.ActiveCfg = Debug|x64
		{C6E4C677-FA58-49DD-8AEF-E20DD11AC90B}.Debug|x64.Build.0 = Debug|x64
		{C6E4C677-FA58-49DD-8AEF-E20DD11AC90B}.Debug|x86.ActiveCfg = Debug|Win32
		{C6E4C677-FA58-49DD-8AEF-E20DD11AC90B}.Debug|x86.Build.0 = Debug|Win32
		{C6E4C677-FA58-49DD-8AEF-E20DD11AC90B}.Release|x64.ActiveCfg = Release|x64
		{C6E4C677-FA58-49DD-8AEF-E20DD11AC90B}.Release|x64.Build.0 = Release|x64
		{C6E4C677-FA58-49DD-8AEF-E20DD11AC90B}.Release|x86.ActiveCfg = Release|Win32
		{C6E4C677-FA58-49DD-8AEF-E20DD11AC90B}.Release|x86.Build.0 = Release|Win32
		{3057ED2F-5B06-4E04-961C-01CFEFF9B8B1}.Debug|x64.ActiveCfg = Debug|x64
		{3057ED2F-5B06-4E04-961C-01CFEFF9B8B1}.Debug|x64.Build.0 = Debug|x64
		{3057ED2F-5B06-4E04-961C-01CFEFF9B8B1}.Debug|x86.ActiveCfg = Debug|Win32
		{3057ED2F-5B06-4E04-961C-01CFEFF9B8B1}.Debug|x86.Build.0 = Debug|Win32
		{3057ED2F-5B06-4E04-961C-01CFEFF9B8B1}.Release|x64.ActiveCfg = Release|x64
		{3057ED2F-5B06-4E04-961C-01CFEFF9B8B1}.Release|x64.Build.0 = Release|x64
		{3057ED2F-5B06-4E04-961C-01CFEFF9B8B1}.Release|x86.ActiveCfg = Release|Win32
		{3057ED2F-5B06-4E04-961C-01CFEFF9B8B1}.Release|x86.Build.0 = Release|Win32
		{6C40516E-B098-49B3-A8A2-452893E6EB17}.Debug|x64.ActiveCfg = Debug|x64
		{6C40516E-B098-49B3-A8A2-452893E6EB17}.Debug|x64.Build.0 = Debug|x64
		{6C40516E-B098-49B3-A8A2-452893E6EB17}.Debug|x86.ActiveCfg = Debug|Win32
		{6C40516E-B098-49B3-A8A2-452893E6EB17}.Debug|x86.Build.0 = Debug|Win32
		{6C40516E-B098-49B3-A8A2-452893E6EB17}.Release|x64.ActiveCfg = Release|x64
		{6C40516E-B098-49B3-A8A2-452893E6EB17}.Release|x64.Build.0 = Release|x64
		{6C40516E-B098-49B3-A8A2-452893E6EB17}.Release|x86.ActiveCfg = Release|Win32
		{6C40516E-B098-49B3-A8A2-452893E6EB17}.Release|x86.Build.0 = Release|Win32
	EndGlobalSection
	GlobalSection(SolutionProperties) = preSolution
		HideSolutionNode = FALSE
	EndGlobalSection
	GlobalSection(ExtensibilityGlobals) = postSolution
		SolutionGuid = {E82269F8-54B6-4946-BA57-7BDA4819646D}
	EndGlobalSection
EndGlobal
